// !$*UTF8*$!
{
	archiveVersion = 1;
	classes = {
	};
	objectVersion = 77;
	objects = {

/* Begin PBXBuildFile section */
		01C8C4A1D1D00C2934B8A4A9 /* TimerDisplayView.swift in Sources */ = {isa = PBXBuildFile; fileRef = 0CB576F2CF5F2605464A6FEC /* TimerDisplayView.swift */; };
		094A334F0B271C5B05ADCA45 /* Sparkle in Frameworks */ = {isa = PBXBuildFile; productRef = 46369458646495B6F3C7B84D /* Sparkle */; };
		09742B896CA7EB3ED436018E /* IdleDetectorTests.swift in Sources */ = {isa = PBXBuildFile; fileRef = 0E368E8701FFBF179A415BBF /* IdleDetectorTests.swift */; };
		0A9796F1549A59EC38DAE952 /* GlobalShortcutManager.swift in Sources */ = {isa = PBXBuildFile; fileRef = 8316E37B0FE467EDC5CE6E6D /* GlobalShortcutManager.swift */; };
		0D3BA242E6C837790469B04F /* LogEntryEditView.swift in Sources */ = {isa = PBXBuildFile; fileRef = 5351C1EB6221F54A7FC64A02 /* LogEntryEditView.swift */; };
		15061C70D45A5BEF76336071 /* SummaryStatsView.swift in Sources */ = {isa = PBXBuildFile; fileRef = 5202C6AD0AF52C2D73DC6E17 /* SummaryStatsView.swift */; };
		1B216F8F5496AF19EAA77D46 /* WorkHeatmapTests.swift in Sources */ = {isa = PBXBuildFile; fileRef = 3F4732C544320EFB42C2391A /* WorkHeatmapTests.swift */; };
		1DC0909035DD8290A96FE10F /* GlassContainer.swift in Sources */ = {isa = PBXBuildFile; fileRef = C8CBF6F9629F77799CD434AF /* GlassContainer.swift */; };
		1E239897EB901FE3D915E1D7 /* Localizable.strings in Resources */ = {isa = PBXBuildFile; fileRef = 5AFAE89712EB3B674570A28B /* Localizable.strings */; };
		236FF7EC60B08C2E4B0C9969 /* IdlePromptView.swift in Sources */ = {isa = PBXBuildFile; fileRef = B96BF05DC18B804752127B67 /* IdlePromptView.swift */; };
		253CF5BCF181B9CD0DF0734F /* TimeEntry.swift in Sources */ = {isa = PBXBuildFile; fileRef = 96852475F3CF42C080C27424 /* TimeEntry.swift */; };
		284E1A904867E722FC4129EA /* Clock.swift in Sources */ = {isa = PBXBuildFile; fileRef = 889ACF5AC45EDAC1DD0F8BF8 /* Clock.swift */; };
		2C5B028985B015B7A26ECBA7 /* NotificationManager.swift in Sources */ = {isa = PBXBuildFile; fileRef = F4023084E6F188BEE2079400 /* NotificationManager.swift */; };
		2C62CB1A6DA628C4FB944F2C /* WorktimeWidgetBundle.swift in Sources */ = {isa = PBXBuildFile; fileRef = D7D3BBAB16A1244C64A343A0 /* WorktimeWidgetBundle.swift */; };
		2E50C9C91938F36E479FAB46 /* WorkdayDetectorTests.swift in Sources */ = {isa = PBXBuildFile; fileRef = 92CC8582D1A82A4ED0B8BE3D /* WorkdayDetectorTests.swift */; };
		330D1906DCAC60438162015F /* TimeEntryTests.swift in Sources */ = {isa = PBXBuildFile; fileRef = 7C0158B151E8021863597395 /* TimeEntryTests.swift */; };
		34A45C4FDB695C746904E03A /* WorkHeatmapView.swift in Sources */ = {isa = PBXBuildFile; fileRef = B5E15771FD124946F98CA29A /* WorkHeatmapView.swift */; };
		354FD4B54E985FCFDE58ACC3 /* DesignTokens.swift in Sources */ = {isa = PBXBuildFile; fileRef = 75C10AE9B003B0EC21B18010 /* DesignTokens.swift */; };
		3700A1C2970A97914BE1CAF3 /* Assets.xcassets in Resources */ = {isa = PBXBuildFile; fileRef = 8D50E67E11943961E87A65F6 /* Assets.xcassets */; };
		3753A83912DE9247D4CA46CC /* Color+Extensions.swift in Sources */ = {isa = PBXBuildFile; fileRef = 1ED914F58E92DF73CF1547A3 /* Color+Extensions.swift */; };
		3C023C1963125F860E660730 /* BreakCalculator.swift in Sources */ = {isa = PBXBuildFile; fileRef = C14FD2343077B9FC533EAC07 /* BreakCalculator.swift */; };
		3CA50EE21B7AC6011D3894E4 /* WorkdayAppearanceTests.swift in Sources */ = {isa = PBXBuildFile; fileRef = 9F4BA3205F0AF90FC0891C71 /* WorkdayAppearanceTests.swift */; };
		3D60D0048DED858DE6BB52DA /* PersistenceManagerTests.swift in Sources */ = {isa = PBXBuildFile; fileRef = CB0E2224DEF41A69EC1E92AA /* PersistenceManagerTests.swift */; };
		3F944373B6FF10C633D2D18C /* WorkdayAppearance.swift in Sources */ = {isa = PBXBuildFile; fileRef = 095CE1EE123ADDDAF03A6250 /* WorkdayAppearance.swift */; };
		4352E3077EFA1D9BDA71E053 /* WorkdayManagerSettingsTests.swift in Sources */ = {isa = PBXBuildFile; fileRef = 99AEB2B7772C3768CB0B7B4B /* WorkdayManagerSettingsTests.swift */; };
		44EFF479547F25448ADD540B /* WeekHistoryView.swift in Sources */ = {isa = PBXBuildFile; fileRef = B1089C3A7EF27586EB233E4B /* WeekHistoryView.swift */; };
		45624526A8C5B075E6BD6398 /* TimeInterval+Duration.swift in Sources */ = {isa = PBXBuildFile; fileRef = F5BBA97022E94E552EE4928D /* TimeInterval+Duration.swift */; };
		474C7362331605093E10F5D8 /* WorkdayManagerClockAndStoreTests.swift in Sources */ = {isa = PBXBuildFile; fileRef = 47E5CA659F0918F09E3A2B2E /* WorkdayManagerClockAndStoreTests.swift */; };
		4848E362C452EB5A63DB318E /* ThresholdLevel.swift in Sources */ = {isa = PBXBuildFile; fileRef = 54E2CD75761D381C44EA86DA /* ThresholdLevel.swift */; };
		485EAA20FC6AEEBF349564EC /* SharedDefaults.swift in Sources */ = {isa = PBXBuildFile; fileRef = FFCA465B8ABE2B90B1C03DF6 /* SharedDefaults.swift */; };
		515DC1B69C2BDB10210F82F9 /* WorkdayManagerNotificationThresholdTests.swift in Sources */ = {isa = PBXBuildFile; fileRef = 45F2ACA48F78D1F82D64377D /* WorkdayManagerNotificationThresholdTests.swift */; };
		526B978F0FFA28453AD9DAAE /* IdleThreshold.swift in Sources */ = {isa = PBXBuildFile; fileRef = CA1B7072C1ED5F1279DE5285 /* IdleThreshold.swift */; };
		534225F52B177F08D7B9A813 /* Localizable.strings in Resources */ = {isa = PBXBuildFile; fileRef = 03948982F36D08786005F7B3 /* Localizable.strings */; };
		55E3067ACA31DF95588F7244 /* WorktimeWidgetExtension.appex in Embed ExtensionKit Extensions */ = {isa = PBXBuildFile; fileRef = 92ECFCF3E46C5163E13E2DBE /* WorktimeWidgetExtension.appex */; settings = {ATTRIBUTES = (RemoveHeadersOnCopy, ); }; };
		5F0F01A2DD2D8315F7EC60D7 /* WorkdayManagerNotificationTests.swift in Sources */ = {isa = PBXBuildFile; fileRef = 84E375BDF0FBA1A9FC5F9F28 /* WorkdayManagerNotificationTests.swift */; };
		62CA3C821F6C7FBC5AE5D390 /* AutoBreakRules.swift in Sources */ = {isa = PBXBuildFile; fileRef = BE27F160308976C1903EB127 /* AutoBreakRules.swift */; };
		6444D4148F53E5FA721F2814 /* WidgetSnapshotTests.swift in Sources */ = {isa = PBXBuildFile; fileRef = 33B9F7CAAC70B234FABD39A1 /* WidgetSnapshotTests.swift */; };
		68ACEAD4CBCEF8E71A25AD6D /* WorktimeWidget.swift in Sources */ = {isa = PBXBuildFile; fileRef = 8CEB27ED8F85FFCEC6C42FF7 /* WorktimeWidget.swift */; };
		69090567F259E4622736AE2A /* NotificationThresholds.swift in Sources */ = {isa = PBXBuildFile; fileRef = 60165E8E14DF555642684AB7 /* NotificationThresholds.swift */; };
		6B04E7D7384A3DC2FD19B4BF /* Color+Extensions.swift in Sources */ = {isa = PBXBuildFile; fileRef = 1ED914F58E92DF73CF1547A3 /* Color+Extensions.swift */; };
		7110D8AB3463251F8307631E /* CloudSyncManager.swift in Sources */ = {isa = PBXBuildFile; fileRef = 86E9F0E6F30AAE618BE4982D /* CloudSyncManager.swift */; };
		75653E72BEF543D3BB31CE37 /* AppSettings.swift in Sources */ = {isa = PBXBuildFile; fileRef = A3636564F038D5714D3F2E9D /* AppSettings.swift */; };
		775FBCFE7BCEEEACE8CD0C92 /* SharedDefaults.swift in Sources */ = {isa = PBXBuildFile; fileRef = FFCA465B8ABE2B90B1C03DF6 /* SharedDefaults.swift */; };
		7A4B038D2A8FCAF7D3990342 /* IdlePeriod.swift in Sources */ = {isa = PBXBuildFile; fileRef = 15F818FB696E0038F88C3B05 /* IdlePeriod.swift */; };
		7D1AA8C747743D0DBCF47233 /* WorkdayTests.swift in Sources */ = {isa = PBXBuildFile; fileRef = 8D92EF9892D12D3D1DEA3418 /* WorkdayTests.swift */; };
		7F193BB5F12158FB4A228045 /* BreakCalculatorTests.swift in Sources */ = {isa = PBXBuildFile; fileRef = D3FBAF5148F3F5E30F02C437 /* BreakCalculatorTests.swift */; };
		81EA84A23CCFA789493D462E /* WorkdayAppearance.swift in Sources */ = {isa = PBXBuildFile; fileRef = 095CE1EE123ADDDAF03A6250 /* WorkdayAppearance.swift */; };
		82C002A2F7797D3FBD446009 /* RecordingWorkdayNotifications.swift in Sources */ = {isa = PBXBuildFile; fileRef = F44D6ED6112B9E4E125F0378 /* RecordingWorkdayNotifications.swift */; };
		8FDF3B4B103BB741A36E13A7 /* IdleDetector.swift in Sources */ = {isa = PBXBuildFile; fileRef = 587CB7F059336B48B3DEE9CC /* IdleDetector.swift */; };
		956F97E8ED6A08E13330D6A2 /* IdlePromptWindowController.swift in Sources */ = {isa = PBXBuildFile; fileRef = 65D365D24EC89B5F03E63743 /* IdlePromptWindowController.swift */; };
		9884BB01691FD68AE126CC2E /* WorkdayState.swift in Sources */ = {isa = PBXBuildFile; fileRef = BEBF376EB97AAD16E97B1D48 /* WorkdayState.swift */; };
		993CFEE746E242DC4FE7A44E /* AppDelegate.swift in Sources */ = {isa = PBXBuildFile; fileRef = B09158E1920D76D6EF7B3585 /* AppDelegate.swift */; };
		9BB7CEC3EFC672E770DC6641 /* RecordingWorkdayPrompts.swift in Sources */ = {isa = PBXBuildFile; fileRef = DDC95091F252C01B1059F1EB /* RecordingWorkdayPrompts.swift */; };
		9DD01273C074913E95147CA4 /* WorkdayManager.swift in Sources */ = {isa = PBXBuildFile; fileRef = 8F597F7658C3A59EB200E8F1 /* WorkdayManager.swift */; };
		A37E2A4BE6EA5DF1F0FBA60B /* ProgressBarView.swift in Sources */ = {isa = PBXBuildFile; fileRef = BC1763B590C81EB59DF0B300 /* ProgressBarView.swift */; };
		A46982C34CFF559FED894D6F /* MaxHoursPromptView.swift in Sources */ = {isa = PBXBuildFile; fileRef = 7255E8D3611E793FAB71F0AC /* MaxHoursPromptView.swift */; };
		A8E0E039463DA1368A46C035 /* ManualClock.swift in Sources */ = {isa = PBXBuildFile; fileRef = 4AA9BCF5F1EEE511993757D7 /* ManualClock.swift */; };
		ADE593C4C405609F5F1B3894 /* WorkdayManagerTests.swift in Sources */ = {isa = PBXBuildFile; fileRef = C770EF5C2029076BF88AF474 /* WorkdayManagerTests.swift */; };
		AEE1E6715AC00AE314B9D854 /* OpenWorktimeTrackerApp.swift in Sources */ = {isa = PBXBuildFile; fileRef = 90A98A9F938927C616301EA5 /* OpenWorktimeTrackerApp.swift */; };
		B2942C9DBBAD0D5F95307152 /* MenuBarView.swift in Sources */ = {isa = PBXBuildFile; fileRef = 58B2CA010B0A3CBEDC5FA6F9 /* MenuBarView.swift */; };
		B9D145B81FC0A69E5F5951C2 /* TimeInterval+Duration.swift in Sources */ = {isa = PBXBuildFile; fileRef = F5BBA97022E94E552EE4928D /* TimeInterval+Duration.swift */; };
		BA8452319FEBD0BB5443C7D1 /* WorkdayManagerIdleHandlingTests.swift in Sources */ = {isa = PBXBuildFile; fileRef = 5692F3320868828C600D08B4 /* WorkdayManagerIdleHandlingTests.swift */; };
		BF24A802B731C7DB18835234 /* LogEditorWindowController.swift in Sources */ = {isa = PBXBuildFile; fileRef = 0EEEFF607EEBE5390F88EB0B /* LogEditorWindowController.swift */; };
		BF6602F8D9B236C3229F2DF8 /* WorkdayManagerLifecycleAndMutationTests.swift in Sources */ = {isa = PBXBuildFile; fileRef = 63FDA92C95403622A35BE0F3 /* WorkdayManagerLifecycleAndMutationTests.swift */; };
		C36DB62431B2DB3D622B0801 /* WorkHeatmap.swift in Sources */ = {isa = PBXBuildFile; fileRef = AD9BD0AD8C8FC86F6C1E8FEB /* WorkHeatmap.swift */; };
		CB63BC5DE6E64B89F587BF8D /* Workday.swift in Sources */ = {isa = PBXBuildFile; fileRef = 652C1192D957C6B1AA70B815 /* Workday.swift */; };
		CEF476E22F4EF95B83562444 /* InMemoryDailyLogStore.swift in Sources */ = {isa = PBXBuildFile; fileRef = A504CCBF9BE58EA9A65A32F7 /* InMemoryDailyLogStore.swift */; };
		CFA636175CB967A129D45107 /* ActionButton.swift in Sources */ = {isa = PBXBuildFile; fileRef = 032AEE83355F68A71F71365C /* ActionButton.swift */; };
		D0BA8C03FE5E382A0104E788 /* WorkdayDetector.swift in Sources */ = {isa = PBXBuildFile; fileRef = CB71FDA60A573DB4F2C4E3D6 /* WorkdayDetector.swift */; };
		D0C5E94C8A43326CE27D71E0 /* LogEditorView.swift in Sources */ = {isa = PBXBuildFile; fileRef = 78CD4A8501FEDAAE565AEAC8 /* LogEditorView.swift */; };
		D863CFEDBAC6400A74C1551F /* AppIcon.svg in Resources */ = {isa = PBXBuildFile; fileRef = 8CF945626AE912CB62BC84CD /* AppIcon.svg */; };
		E2776F062926941396F6798E /* DailyLogFormatTests.swift in Sources */ = {isa = PBXBuildFile; fileRef = B0534E968BFC7EE74714A15B /* DailyLogFormatTests.swift */; };
		E7DB5A1B699217F6B7749C2E /* SettingsView.swift in Sources */ = {isa = PBXBuildFile; fileRef = AC7D8E211502FB3F2B407C29 /* SettingsView.swift */; };
		EC00E2796568DA67817EE450 /* ThresholdLevel.swift in Sources */ = {isa = PBXBuildFile; fileRef = 54E2CD75761D381C44EA86DA /* ThresholdLevel.swift */; };
		F126499AA55A6EDAF3159528 /* WorkdayState.swift in Sources */ = {isa = PBXBuildFile; fileRef = BEBF376EB97AAD16E97B1D48 /* WorkdayState.swift */; };
		F7E3DD2397658080B1E1FAA2 /* ViewLayoutTests.swift in Sources */ = {isa = PBXBuildFile; fileRef = 2BE8B1A4B3C062AB86A0362C /* ViewLayoutTests.swift */; };
		F9CEAFEDD47DBEF79E904301 /* PersistenceManager.swift in Sources */ = {isa = PBXBuildFile; fileRef = 2F26F3D087AB990B78FB7094 /* PersistenceManager.swift */; };
		FAA1B14DC80293F0B721C180 /* DailyLogStore.swift in Sources */ = {isa = PBXBuildFile; fileRef = A9C8B5661F461CF5F7351190 /* DailyLogStore.swift */; };
		FD9C3BA959F3FA91E9956165 /* MetricCardsView.swift in Sources */ = {isa = PBXBuildFile; fileRef = A95771E351BA49672B02C68D /* MetricCardsView.swift */; };
		FE94C604420335FED4ACB672 /* WorkdayManagerNotificationTestCase.swift in Sources */ = {isa = PBXBuildFile; fileRef = 85A2357BB2FA13AEF4F2D412 /* WorkdayManagerNotificationTestCase.swift */; };
		FEBEC5FF73CDE0307ABF6FB6 /* Date+Extensions.swift in Sources */ = {isa = PBXBuildFile; fileRef = F66D750410EAFCCE00D0FB84 /* Date+Extensions.swift */; };
/* End PBXBuildFile section */

/* Begin PBXContainerItemProxy section */
		A23D07A2696BB455488BF8C2 /* PBXContainerItemProxy */ = {
			isa = PBXContainerItemProxy;
			containerPortal = 5FA9674DFE3CBB216C296AFB /* Project object */;
			proxyType = 1;
			remoteGlobalIDString = 673E693971C40FFE5AB5532B;
			remoteInfo = WorktimeWidgetExtension;
		};
		A74AAF3205E8D9C6B6D2810F /* PBXContainerItemProxy */ = {
			isa = PBXContainerItemProxy;
			containerPortal = 5FA9674DFE3CBB216C296AFB /* Project object */;
			proxyType = 1;
			remoteGlobalIDString = 1B19B2A1D6A5647399CDA4ED;
			remoteInfo = OpenWorktimeTracker;
		};
/* End PBXContainerItemProxy section */

/* Begin PBXCopyFilesBuildPhase section */
		60A1AD10B93B81D355EADC7E /* Embed ExtensionKit Extensions */ = {
			isa = PBXCopyFilesBuildPhase;
			buildActionMask = 2147483647;
			dstPath = "$(EXTENSIONS_FOLDER_PATH)";
			dstSubfolderSpec = 16;
			files = (
				55E3067ACA31DF95588F7244 /* WorktimeWidgetExtension.appex in Embed ExtensionKit Extensions */,
			);
			name = "Embed ExtensionKit Extensions";
			runOnlyForDeploymentPostprocessing = 0;
		};
/* End PBXCopyFilesBuildPhase section */

/* Begin PBXFileReference section */
		032AEE83355F68A71F71365C /* ActionButton.swift */ = {isa = PBXFileReference; lastKnownFileType = sourcecode.swift; path = ActionButton.swift; sourceTree = "<group>"; };
		03F65852D76A2EC82ACFC07D /* OpenWorktimeTracker.entitlements */ = {isa = PBXFileReference; lastKnownFileType = text.plist.entitlements; path = OpenWorktimeTracker.entitlements; sourceTree = "<group>"; };
		095CE1EE123ADDDAF03A6250 /* WorkdayAppearance.swift */ = {isa = PBXFileReference; lastKnownFileType = sourcecode.swift; path = WorkdayAppearance.swift; sourceTree = "<group>"; };
		0CB576F2CF5F2605464A6FEC /* TimerDisplayView.swift */ = {isa = PBXFileReference; lastKnownFileType = sourcecode.swift; path = TimerDisplayView.swift; sourceTree = "<group>"; };
		0E368E8701FFBF179A415BBF /* IdleDetectorTests.swift */ = {isa = PBXFileReference; lastKnownFileType = sourcecode.swift; path = IdleDetectorTests.swift; sourceTree = "<group>"; };
		0E7D73A4BB2ACE5955D1E84A /* OpenWorktimeTrackerTests.xctest */ = {isa = PBXFileReference; explicitFileType = wrapper.cfbundle; includeInIndex = 0; path = OpenWorktimeTrackerTests.xctest; sourceTree = BUILT_PRODUCTS_DIR; };
		0EEEFF607EEBE5390F88EB0B /* LogEditorWindowController.swift */ = {isa = PBXFileReference; lastKnownFileType = sourcecode.swift; path = LogEditorWindowController.swift; sourceTree = "<group>"; };
		15F818FB696E0038F88C3B05 /* IdlePeriod.swift */ = {isa = PBXFileReference; lastKnownFileType = sourcecode.swift; path = IdlePeriod.swift; sourceTree = "<group>"; };
		1ED914F58E92DF73CF1547A3 /* Color+Extensions.swift */ = {isa = PBXFileReference; lastKnownFileType = sourcecode.swift; path = "Color+Extensions.swift"; sourceTree = "<group>"; };
		234A384CE4770836D7D1485C /* de */ = {isa = PBXFileReference; lastKnownFileType = text.plist.strings; name = de; path = de.lproj/Localizable.strings; sourceTree = "<group>"; };
		2BE8B1A4B3C062AB86A0362C /* ViewLayoutTests.swift */ = {isa = PBXFileReference; lastKnownFileType = sourcecode.swift; path = ViewLayoutTests.swift; sourceTree = "<group>"; };
		2F26F3D087AB990B78FB7094 /* PersistenceManager.swift */ = {isa = PBXFileReference; lastKnownFileType = sourcecode.swift; path = PersistenceManager.swift; sourceTree = "<group>"; };
		33B9F7CAAC70B234FABD39A1 /* WidgetSnapshotTests.swift */ = {isa = PBXFileReference; lastKnownFileType = sourcecode.swift; path = WidgetSnapshotTests.swift; sourceTree = "<group>"; };
		3F4732C544320EFB42C2391A /* WorkHeatmapTests.swift */ = {isa = PBXFileReference; lastKnownFileType = sourcecode.swift; path = WorkHeatmapTests.swift; sourceTree = "<group>"; };
		45F2ACA48F78D1F82D64377D /* WorkdayManagerNotificationThresholdTests.swift */ = {isa = PBXFileReference; lastKnownFileType = sourcecode.swift; path = WorkdayManagerNotificationThresholdTests.swift; sourceTree = "<group>"; };
		47E5CA659F0918F09E3A2B2E /* WorkdayManagerClockAndStoreTests.swift */ = {isa = PBXFileReference; lastKnownFileType = sourcecode.swift; path = WorkdayManagerClockAndStoreTests.swift; sourceTree = "<group>"; };
		4AA9BCF5F1EEE511993757D7 /* ManualClock.swift */ = {isa = PBXFileReference; lastKnownFileType = sourcecode.swift; path = ManualClock.swift; sourceTree = "<group>"; };
		5202C6AD0AF52C2D73DC6E17 /* SummaryStatsView.swift */ = {isa = PBXFileReference; lastKnownFileType = sourcecode.swift; path = SummaryStatsView.swift; sourceTree = "<group>"; };
		5351C1EB6221F54A7FC64A02 /* LogEntryEditView.swift */ = {isa = PBXFileReference; lastKnownFileType = sourcecode.swift; path = LogEntryEditView.swift; sourceTree = "<group>"; };
		54E2CD75761D381C44EA86DA /* ThresholdLevel.swift */ = {isa = PBXFileReference; lastKnownFileType = sourcecode.swift; path = ThresholdLevel.swift; sourceTree = "<group>"; };
		5692F3320868828C600D08B4 /* WorkdayManagerIdleHandlingTests.swift */ = {isa = PBXFileReference; lastKnownFileType = sourcecode.swift; path = WorkdayManagerIdleHandlingTests.swift; sourceTree = "<group>"; };
		587CB7F059336B48B3DEE9CC /* IdleDetector.swift */ = {isa = PBXFileReference; lastKnownFileType = sourcecode.swift; path = IdleDetector.swift; sourceTree = "<group>"; };
		58B2CA010B0A3CBEDC5FA6F9 /* MenuBarView.swift */ = {isa = PBXFileReference; lastKnownFileType = sourcecode.swift; path = MenuBarView.swift; sourceTree = "<group>"; };
		5C9B60DDF61A20041E00A564 /* en */ = {isa = PBXFileReference; lastKnownFileType = text.plist.strings; name = en; path = en.lproj/Localizable.strings; sourceTree = "<group>"; };
		60165E8E14DF555642684AB7 /* NotificationThresholds.swift */ = {isa = PBXFileReference; lastKnownFileType = sourcecode.swift; path = NotificationThresholds.swift; sourceTree = "<group>"; };
		63FDA92C95403622A35BE0F3 /* WorkdayManagerLifecycleAndMutationTests.swift */ = {isa = PBXFileReference; lastKnownFileType = sourcecode.swift; path = WorkdayManagerLifecycleAndMutationTests.swift; sourceTree = "<group>"; };
		652C1192D957C6B1AA70B815 /* Workday.swift */ = {isa = PBXFileReference; lastKnownFileType = sourcecode.swift; path = Workday.swift; sourceTree = "<group>"; };
		65D365D24EC89B5F03E63743 /* IdlePromptWindowController.swift */ = {isa = PBXFileReference; lastKnownFileType = sourcecode.swift; path = IdlePromptWindowController.swift; sourceTree = "<group>"; };
		7255E8D3611E793FAB71F0AC /* MaxHoursPromptView.swift */ = {isa = PBXFileReference; lastKnownFileType = sourcecode.swift; path = MaxHoursPromptView.swift; sourceTree = "<group>"; };
		75C10AE9B003B0EC21B18010 /* DesignTokens.swift */ = {isa = PBXFileReference; lastKnownFileType = sourcecode.swift; path = DesignTokens.swift; sourceTree = "<group>"; };
		78CD4A8501FEDAAE565AEAC8 /* LogEditorView.swift */ = {isa = PBXFileReference; lastKnownFileType = sourcecode.swift; path = LogEditorView.swift; sourceTree = "<group>"; };
		7C0158B151E8021863597395 /* TimeEntryTests.swift */ = {isa = PBXFileReference; lastKnownFileType = sourcecode.swift; path = TimeEntryTests.swift; sourceTree = "<group>"; };
		8316E37B0FE467EDC5CE6E6D /* GlobalShortcutManager.swift */ = {isa = PBXFileReference; lastKnownFileType = sourcecode.swift; path = GlobalShortcutManager.swift; sourceTree = "<group>"; };
		84E375BDF0FBA1A9FC5F9F28 /* WorkdayManagerNotificationTests.swift */ = {isa = PBXFileReference; lastKnownFileType = sourcecode.swift; path = WorkdayManagerNotificationTests.swift; sourceTree = "<group>"; };
		85A2357BB2FA13AEF4F2D412 /* WorkdayManagerNotificationTestCase.swift */ = {isa = PBXFileReference; lastKnownFileType = sourcecode.swift; path = WorkdayManagerNotificationTestCase.swift; sourceTree = "<group>"; };
		86E9F0E6F30AAE618BE4982D /* CloudSyncManager.swift */ = {isa = PBXFileReference; lastKnownFileType = sourcecode.swift; path = CloudSyncManager.swift; sourceTree = "<group>"; };
		889ACF5AC45EDAC1DD0F8BF8 /* Clock.swift */ = {isa = PBXFileReference; lastKnownFileType = sourcecode.swift; path = Clock.swift; sourceTree = "<group>"; };
		8BB9FC7AA9A4FDD8B540808B /* de */ = {isa = PBXFileReference; lastKnownFileType = text.plist.strings; name = de; path = de.lproj/Localizable.strings; sourceTree = "<group>"; };
		8CEB27ED8F85FFCEC6C42FF7 /* WorktimeWidget.swift */ = {isa = PBXFileReference; lastKnownFileType = sourcecode.swift; path = WorktimeWidget.swift; sourceTree = "<group>"; };
		8CF945626AE912CB62BC84CD /* AppIcon.svg */ = {isa = PBXFileReference; path = AppIcon.svg; sourceTree = "<group>"; };
		8D50E67E11943961E87A65F6 /* Assets.xcassets */ = {isa = PBXFileReference; lastKnownFileType = folder.assetcatalog; path = Assets.xcassets; sourceTree = "<group>"; };
		8D92EF9892D12D3D1DEA3418 /* WorkdayTests.swift */ = {isa = PBXFileReference; lastKnownFileType = sourcecode.swift; path = WorkdayTests.swift; sourceTree = "<group>"; };
		8F597F7658C3A59EB200E8F1 /* WorkdayManager.swift */ = {isa = PBXFileReference; lastKnownFileType = sourcecode.swift; path = WorkdayManager.swift; sourceTree = "<group>"; };
		90A98A9F938927C616301EA5 /* OpenWorktimeTrackerApp.swift */ = {isa = PBXFileReference; lastKnownFileType = sourcecode.swift; path = OpenWorktimeTrackerApp.swift; sourceTree = "<group>"; };
		92CC8582D1A82A4ED0B8BE3D /* WorkdayDetectorTests.swift */ = {isa = PBXFileReference; lastKnownFileType = sourcecode.swift; path = WorkdayDetectorTests.swift; sourceTree = "<group>"; };
		92ECFCF3E46C5163E13E2DBE /* WorktimeWidgetExtension.appex */ = {isa = PBXFileReference; explicitFileType = "wrapper.extensionkit-extension"; includeInIndex = 0; path = WorktimeWidgetExtension.appex; sourceTree = BUILT_PRODUCTS_DIR; };
		96852475F3CF42C080C27424 /* TimeEntry.swift */ = {isa = PBXFileReference; lastKnownFileType = sourcecode.swift; path = TimeEntry.swift; sourceTree = "<group>"; };
		99AEB2B7772C3768CB0B7B4B /* WorkdayManagerSettingsTests.swift */ = {isa = PBXFileReference; lastKnownFileType = sourcecode.swift; path = WorkdayManagerSettingsTests.swift; sourceTree = "<group>"; };
		9F4BA3205F0AF90FC0891C71 /* WorkdayAppearanceTests.swift */ = {isa = PBXFileReference; lastKnownFileType = sourcecode.swift; path = WorkdayAppearanceTests.swift; sourceTree = "<group>"; };
		A3636564F038D5714D3F2E9D /* AppSettings.swift */ = {isa = PBXFileReference; lastKnownFileType = sourcecode.swift; path = AppSettings.swift; sourceTree = "<group>"; };
		A504CCBF9BE58EA9A65A32F7 /* InMemoryDailyLogStore.swift */ = {isa = PBXFileReference; lastKnownFileType = sourcecode.swift; path = InMemoryDailyLogStore.swift; sourceTree = "<group>"; };
		A95771E351BA49672B02C68D /* MetricCardsView.swift */ = {isa = PBXFileReference; lastKnownFileType = sourcecode.swift; path = MetricCardsView.swift; sourceTree = "<group>"; };
		A9C8B5661F461CF5F7351190 /* DailyLogStore.swift */ = {isa = PBXFileReference; lastKnownFileType = sourcecode.swift; path = DailyLogStore.swift; sourceTree = "<group>"; };
		AC7D8E211502FB3F2B407C29 /* SettingsView.swift */ = {isa = PBXFileReference; lastKnownFileType = sourcecode.swift; path = SettingsView.swift; sourceTree = "<group>"; };
		AD9BD0AD8C8FC86F6C1E8FEB /* WorkHeatmap.swift */ = {isa = PBXFileReference; lastKnownFileType = sourcecode.swift; path = WorkHeatmap.swift; sourceTree = "<group>"; };
		B0534E968BFC7EE74714A15B /* DailyLogFormatTests.swift */ = {isa = PBXFileReference; lastKnownFileType = sourcecode.swift; path = DailyLogFormatTests.swift; sourceTree = "<group>"; };
		B09158E1920D76D6EF7B3585 /* AppDelegate.swift */ = {isa = PBXFileReference; lastKnownFileType = sourcecode.swift; path = AppDelegate.swift; sourceTree = "<group>"; };
		B1089C3A7EF27586EB233E4B /* WeekHistoryView.swift */ = {isa = PBXFileReference; lastKnownFileType = sourcecode.swift; path = WeekHistoryView.swift; sourceTree = "<group>"; };
		B29478E5063B682E51F2E42A /* en */ = {isa = PBXFileReference; lastKnownFileType = text.plist.strings; name = en; path = en.lproj/Localizable.strings; sourceTree = "<group>"; };
		B5D092A1F414BB5B3BBFAE71 /* zh-Hant */ = {isa = PBXFileReference; lastKnownFileType = text.plist.strings; name = "zh-Hant"; path = "zh-Hant.lproj/Localizable.strings"; sourceTree = "<group>"; };
		B5E15771FD124946F98CA29A /* WorkHeatmapView.swift */ = {isa = PBXFileReference; lastKnownFileType = sourcecode.swift; path = WorkHeatmapView.swift; sourceTree = "<group>"; };
		B8D9EEEE4131C2BAE686DD5C /* WorktimeWidget.entitlements */ = {isa = PBXFileReference; lastKnownFileType = text.plist.entitlements; path = WorktimeWidget.entitlements; sourceTree = "<group>"; };
		B96BF05DC18B804752127B67 /* IdlePromptView.swift */ = {isa = PBXFileReference; lastKnownFileType = sourcecode.swift; path = IdlePromptView.swift; sourceTree = "<group>"; };
		BC1763B590C81EB59DF0B300 /* ProgressBarView.swift */ = {isa = PBXFileReference; lastKnownFileType = sourcecode.swift; path = ProgressBarView.swift; sourceTree = "<group>"; };
		BE27F160308976C1903EB127 /* AutoBreakRules.swift */ = {isa = PBXFileReference; lastKnownFileType = sourcecode.swift; path = AutoBreakRules.swift; sourceTree = "<group>"; };
		BEBF376EB97AAD16E97B1D48 /* WorkdayState.swift */ = {isa = PBXFileReference; lastKnownFileType = sourcecode.swift; path = WorkdayState.swift; sourceTree = "<group>"; };
		C14FD2343077B9FC533EAC07 /* BreakCalculator.swift */ = {isa = PBXFileReference; lastKnownFileType = sourcecode.swift; path = BreakCalculator.swift; sourceTree = "<group>"; };
		C770EF5C2029076BF88AF474 /* WorkdayManagerTests.swift */ = {isa = PBXFileReference; lastKnownFileType = sourcecode.swift; path = WorkdayManagerTests.swift; sourceTree = "<group>"; };
		C8CBF6F9629F77799CD434AF /* GlassContainer.swift */ = {isa = PBXFileReference; lastKnownFileType = sourcecode.swift; path = GlassContainer.swift; sourceTree = "<group>"; };
		CA1B7072C1ED5F1279DE5285 /* IdleThreshold.swift */ = {isa = PBXFileReference; lastKnownFileType = sourcecode.swift; path = IdleThreshold.swift; sourceTree = "<group>"; };
		CB0E2224DEF41A69EC1E92AA /* PersistenceManagerTests.swift */ = {isa = PBXFileReference; lastKnownFileType = sourcecode.swift; path = PersistenceManagerTests.swift; sourceTree = "<group>"; };
		CB71FDA60A573DB4F2C4E3D6 /* WorkdayDetector.swift */ = {isa = PBXFileReference; lastKnownFileType = sourcecode.swift; path = WorkdayDetector.swift; sourceTree = "<group>"; };
		D3FBAF5148F3F5E30F02C437 /* BreakCalculatorTests.swift */ = {isa = PBXFileReference; lastKnownFileType = sourcecode.swift; path = BreakCalculatorTests.swift; sourceTree = "<group>"; };
		D7D3BBAB16A1244C64A343A0 /* WorktimeWidgetBundle.swift */ = {isa = PBXFileReference; lastKnownFileType = sourcecode.swift; path = WorktimeWidgetBundle.swift; sourceTree = "<group>"; };
		DDC95091F252C01B1059F1EB /* RecordingWorkdayPrompts.swift */ = {isa = PBXFileReference; lastKnownFileType = sourcecode.swift; path = RecordingWorkdayPrompts.swift; sourceTree = "<group>"; };
		E32C98F3FE145BECC4EC7022 /* Info.plist */ = {isa = PBXFileReference; lastKnownFileType = text.plist; path = Info.plist; sourceTree = "<group>"; };
		EEB4DD34A3D82EECDD4CBFB1 /* OpenWorktimeTracker.app */ = {isa = PBXFileReference; explicitFileType = wrapper.application; includeInIndex = 0; path = OpenWorktimeTracker.app; sourceTree = BUILT_PRODUCTS_DIR; };
		F4023084E6F188BEE2079400 /* NotificationManager.swift */ = {isa = PBXFileReference; lastKnownFileType = sourcecode.swift; path = NotificationManager.swift; sourceTree = "<group>"; };
		F44D6ED6112B9E4E125F0378 /* RecordingWorkdayNotifications.swift */ = {isa = PBXFileReference; lastKnownFileType = sourcecode.swift; path = RecordingWorkdayNotifications.swift; sourceTree = "<group>"; };
		F5BBA97022E94E552EE4928D /* TimeInterval+Duration.swift */ = {isa = PBXFileReference; lastKnownFileType = sourcecode.swift; path = "TimeInterval+Duration.swift"; sourceTree = "<group>"; };
		F66D750410EAFCCE00D0FB84 /* Date+Extensions.swift */ = {isa = PBXFileReference; lastKnownFileType = sourcecode.swift; path = "Date+Extensions.swift"; sourceTree = "<group>"; };
		F7B2B4C8A3024F3E089218BA /* zh-Hant */ = {isa = PBXFileReference; lastKnownFileType = text.plist.strings; name = "zh-Hant"; path = "zh-Hant.lproj/Localizable.strings"; sourceTree = "<group>"; };
		FFCA465B8ABE2B90B1C03DF6 /* SharedDefaults.swift */ = {isa = PBXFileReference; lastKnownFileType = sourcecode.swift; path = SharedDefaults.swift; sourceTree = "<group>"; };
/* End PBXFileReference section */

/* Begin PBXFrameworksBuildPhase section */
		DCEC90520EC792734F9D09CF /* Frameworks */ = {
			isa = PBXFrameworksBuildPhase;
			buildActionMask = 2147483647;
			files = (
				094A334F0B271C5B05ADCA45 /* Sparkle in Frameworks */,
			);
			runOnlyForDeploymentPostprocessing = 0;
		};
/* End PBXFrameworksBuildPhase section */

/* Begin PBXGroup section */
		1A3EBD0FE3F7BF7A1A17C55B /* Components */ = {
			isa = PBXGroup;
			children = (
				032AEE83355F68A71F71365C /* ActionButton.swift */,
				C8CBF6F9629F77799CD434AF /* GlassContainer.swift */,
				BC1763B590C81EB59DF0B300 /* ProgressBarView.swift */,
			);
			path = Components;
			sourceTree = "<group>";
		};
		209839E023452C819B38F3F4 /* Shared */ = {
			isa = PBXGroup;
			children = (
				1ED914F58E92DF73CF1547A3 /* Color+Extensions.swift */,
				FFCA465B8ABE2B90B1C03DF6 /* SharedDefaults.swift */,
				54E2CD75761D381C44EA86DA /* ThresholdLevel.swift */,
				F5BBA97022E94E552EE4928D /* TimeInterval+Duration.swift */,
				095CE1EE123ADDDAF03A6250 /* WorkdayAppearance.swift */,
				BEBF376EB97AAD16E97B1D48 /* WorkdayState.swift */,
			);
			path = Shared;
			sourceTree = "<group>";
		};
		346DA73FE85D023743E41C4D /* Core */ = {
			isa = PBXGroup;
			children = (
				D7D00A4662B25D212C5611FF /* Models */,
				B6DD396B7120ACFC236DC0BB /* Services */,
			);
			path = Core;
			sourceTree = "<group>";
		};
		427467946827DF0C1795A4E0 /* OpenWorktimeTracker */ = {
			isa = PBXGroup;
			children = (
				DAC8B994D79593AEF0EC60DE /* App */,
				346DA73FE85D023743E41C4D /* Core */,
				BF67D108EC6FB3798EEB791F /* Design */,
				AE0BCEE232680C089B5E9998 /* Resources */,
				9255CEF92F3EFDC8D04D7CCD /* Utilities */,
				F79488607CC0E0EFA22FC044 /* Views */,
			);
			path = OpenWorktimeTracker;
			sourceTree = "<group>";
		};
		8E05A03795BB82E9AFFA2509 /* Products */ = {
			isa = PBXGroup;
			children = (
				EEB4DD34A3D82EECDD4CBFB1 /* OpenWorktimeTracker.app */,
				0E7D73A4BB2ACE5955D1E84A /* OpenWorktimeTrackerTests.xctest */,
				92ECFCF3E46C5163E13E2DBE /* WorktimeWidgetExtension.appex */,
			);
			name = Products;
			sourceTree = "<group>";
		};
		9255CEF92F3EFDC8D04D7CCD /* Utilities */ = {
			isa = PBXGroup;
			children = (
				F66D750410EAFCCE00D0FB84 /* Date+Extensions.swift */,
			);
			path = Utilities;
			sourceTree = "<group>";
		};
		AE0BCEE232680C089B5E9998 /* Resources */ = {
			isa = PBXGroup;
			children = (
				03948982F36D08786005F7B3 /* Localizable.strings */,
				8CF945626AE912CB62BC84CD /* AppIcon.svg */,
				8D50E67E11943961E87A65F6 /* Assets.xcassets */,
				E32C98F3FE145BECC4EC7022 /* Info.plist */,
				03F65852D76A2EC82ACFC07D /* OpenWorktimeTracker.entitlements */,
			);
			path = Resources;
			sourceTree = "<group>";
		};
		B6DD396B7120ACFC236DC0BB /* Services */ = {
			isa = PBXGroup;
			children = (
				C14FD2343077B9FC533EAC07 /* BreakCalculator.swift */,
				889ACF5AC45EDAC1DD0F8BF8 /* Clock.swift */,
				86E9F0E6F30AAE618BE4982D /* CloudSyncManager.swift */,
				A9C8B5661F461CF5F7351190 /* DailyLogStore.swift */,
				8316E37B0FE467EDC5CE6E6D /* GlobalShortcutManager.swift */,
				587CB7F059336B48B3DEE9CC /* IdleDetector.swift */,
				F4023084E6F188BEE2079400 /* NotificationManager.swift */,
				2F26F3D087AB990B78FB7094 /* PersistenceManager.swift */,
				CB71FDA60A573DB4F2C4E3D6 /* WorkdayDetector.swift */,
				8F597F7658C3A59EB200E8F1 /* WorkdayManager.swift */,
			);
			path = Services;
			sourceTree = "<group>";
		};
		B9BDAA6BB18202FD21D95C9B /* OpenWorktimeTrackerTests */ = {
			isa = PBXGroup;
			children = (
				D3FBAF5148F3F5E30F02C437 /* BreakCalculatorTests.swift */,
				B0534E968BFC7EE74714A15B /* DailyLogFormatTests.swift */,
				0E368E8701FFBF179A415BBF /* IdleDetectorTests.swift */,
				A504CCBF9BE58EA9A65A32F7 /* InMemoryDailyLogStore.swift */,
				4AA9BCF5F1EEE511993757D7 /* ManualClock.swift */,
				CB0E2224DEF41A69EC1E92AA /* PersistenceManagerTests.swift */,
				F44D6ED6112B9E4E125F0378 /* RecordingWorkdayNotifications.swift */,
				DDC95091F252C01B1059F1EB /* RecordingWorkdayPrompts.swift */,
				7C0158B151E8021863597395 /* TimeEntryTests.swift */,
				2BE8B1A4B3C062AB86A0362C /* ViewLayoutTests.swift */,
				33B9F7CAAC70B234FABD39A1 /* WidgetSnapshotTests.swift */,
				9F4BA3205F0AF90FC0891C71 /* WorkdayAppearanceTests.swift */,
				92CC8582D1A82A4ED0B8BE3D /* WorkdayDetectorTests.swift */,
				47E5CA659F0918F09E3A2B2E /* WorkdayManagerClockAndStoreTests.swift */,
				5692F3320868828C600D08B4 /* WorkdayManagerIdleHandlingTests.swift */,
				63FDA92C95403622A35BE0F3 /* WorkdayManagerLifecycleAndMutationTests.swift */,
				85A2357BB2FA13AEF4F2D412 /* WorkdayManagerNotificationTestCase.swift */,
				84E375BDF0FBA1A9FC5F9F28 /* WorkdayManagerNotificationTests.swift */,
				45F2ACA48F78D1F82D64377D /* WorkdayManagerNotificationThresholdTests.swift */,
				99AEB2B7772C3768CB0B7B4B /* WorkdayManagerSettingsTests.swift */,
				C770EF5C2029076BF88AF474 /* WorkdayManagerTests.swift */,
				8D92EF9892D12D3D1DEA3418 /* WorkdayTests.swift */,
				3F4732C544320EFB42C2391A /* WorkHeatmapTests.swift */,
			);
			path = OpenWorktimeTrackerTests;
			sourceTree = "<group>";
		};
		BF67D108EC6FB3798EEB791F /* Design */ = {
			isa = PBXGroup;
			children = (
				75C10AE9B003B0EC21B18010 /* DesignTokens.swift */,
			);
			path = Design;
			sourceTree = "<group>";
		};
		D201344BFD44B626658A537F /* WorktimeWidget */ = {
			isa = PBXGroup;
			children = (
				5AFAE89712EB3B674570A28B /* Localizable.strings */,
				B8D9EEEE4131C2BAE686DD5C /* WorktimeWidget.entitlements */,
				8CEB27ED8F85FFCEC6C42FF7 /* WorktimeWidget.swift */,
				D7D3BBAB16A1244C64A343A0 /* WorktimeWidgetBundle.swift */,
			);
			path = WorktimeWidget;
			sourceTree = "<group>";
		};
		D7D00A4662B25D212C5611FF /* Models */ = {
			isa = PBXGroup;
			children = (
				A3636564F038D5714D3F2E9D /* AppSettings.swift */,
				BE27F160308976C1903EB127 /* AutoBreakRules.swift */,
				15F818FB696E0038F88C3B05 /* IdlePeriod.swift */,
				CA1B7072C1ED5F1279DE5285 /* IdleThreshold.swift */,
				60165E8E14DF555642684AB7 /* NotificationThresholds.swift */,
				96852475F3CF42C080C27424 /* TimeEntry.swift */,
				652C1192D957C6B1AA70B815 /* Workday.swift */,
				AD9BD0AD8C8FC86F6C1E8FEB /* WorkHeatmap.swift */,
			);
			path = Models;
			sourceTree = "<group>";
		};
		DAC8B994D79593AEF0EC60DE /* App */ = {
			isa = PBXGroup;
			children = (
				B09158E1920D76D6EF7B3585 /* AppDelegate.swift */,
				90A98A9F938927C616301EA5 /* OpenWorktimeTrackerApp.swift */,
			);
			path = App;
			sourceTree = "<group>";
		};
		F79488607CC0E0EFA22FC044 /* Views */ = {
			isa = PBXGroup;
			children = (
				1A3EBD0FE3F7BF7A1A17C55B /* Components */,
				B96BF05DC18B804752127B67 /* IdlePromptView.swift */,
				65D365D24EC89B5F03E63743 /* IdlePromptWindowController.swift */,
				78CD4A8501FEDAAE565AEAC8 /* LogEditorView.swift */,
				0EEEFF607EEBE5390F88EB0B /* LogEditorWindowController.swift */,
				5351C1EB6221F54A7FC64A02 /* LogEntryEditView.swift */,
				7255E8D3611E793FAB71F0AC /* MaxHoursPromptView.swift */,
				58B2CA010B0A3CBEDC5FA6F9 /* MenuBarView.swift */,
				A95771E351BA49672B02C68D /* MetricCardsView.swift */,
				AC7D8E211502FB3F2B407C29 /* SettingsView.swift */,
				5202C6AD0AF52C2D73DC6E17 /* SummaryStatsView.swift */,
				0CB576F2CF5F2605464A6FEC /* TimerDisplayView.swift */,
				B1089C3A7EF27586EB233E4B /* WeekHistoryView.swift */,
				B5E15771FD124946F98CA29A /* WorkHeatmapView.swift */,
			);
			path = Views;
			sourceTree = "<group>";
		};
		FD020915C330CF1F1907FF65 = {
			isa = PBXGroup;
			children = (
				427467946827DF0C1795A4E0 /* OpenWorktimeTracker */,
				B9BDAA6BB18202FD21D95C9B /* OpenWorktimeTrackerTests */,
				209839E023452C819B38F3F4 /* Shared */,
				D201344BFD44B626658A537F /* WorktimeWidget */,
				8E05A03795BB82E9AFFA2509 /* Products */,
			);
			sourceTree = "<group>";
		};
/* End PBXGroup section */

/* Begin PBXNativeTarget section */
		1B19B2A1D6A5647399CDA4ED /* OpenWorktimeTracker */ = {
			isa = PBXNativeTarget;
			buildConfigurationList = 31415DF9F4331CD03CE92A25 /* Build configuration list for PBXNativeTarget "OpenWorktimeTracker" */;
			buildPhases = (
				7E1E98D35B50D24B9AF1E5DD /* Sources */,
				6D6C73B1A709AE3E507516C4 /* Resources */,
				DCEC90520EC792734F9D09CF /* Frameworks */,
				60A1AD10B93B81D355EADC7E /* Embed ExtensionKit Extensions */,
			);
			buildRules = (
			);
			dependencies = (
				A1DAEB2D52EBD39F25E09953 /* PBXTargetDependency */,
			);
			name = OpenWorktimeTracker;
			packageProductDependencies = (
				46369458646495B6F3C7B84D /* Sparkle */,
			);
			productName = OpenWorktimeTracker;
			productReference = EEB4DD34A3D82EECDD4CBFB1 /* OpenWorktimeTracker.app */;
			productType = "com.apple.product-type.application";
		};
		673E693971C40FFE5AB5532B /* WorktimeWidgetExtension */ = {
			isa = PBXNativeTarget;
			buildConfigurationList = D197ED5BC7F1BB49E86F1E5A /* Build configuration list for PBXNativeTarget "WorktimeWidgetExtension" */;
			buildPhases = (
				EF5CD70A7D48B5C4E900CA4F /* Sources */,
				666ADEBC4C8906207867454C /* Resources */,
			);
			buildRules = (
			);
			dependencies = (
			);
			name = WorktimeWidgetExtension;
			packageProductDependencies = (
			);
			productName = WorktimeWidgetExtension;
			productReference = 92ECFCF3E46C5163E13E2DBE /* WorktimeWidgetExtension.appex */;
			productType = "com.apple.product-type.extensionkit-extension";
		};
		909FAD7D79D8D51BD1E7E91C /* OpenWorktimeTrackerTests */ = {
			isa = PBXNativeTarget;
			buildConfigurationList = 210417F0017FB5D482546AB7 /* Build configuration list for PBXNativeTarget "OpenWorktimeTrackerTests" */;
			buildPhases = (
				55F5433EADBA64FE34050530 /* Sources */,
			);
			buildRules = (
			);
			dependencies = (
				4446C13B631CCD68862C5117 /* PBXTargetDependency */,
			);
			name = OpenWorktimeTrackerTests;
			packageProductDependencies = (
			);
			productName = OpenWorktimeTrackerTests;
			productReference = 0E7D73A4BB2ACE5955D1E84A /* OpenWorktimeTrackerTests.xctest */;
			productType = "com.apple.product-type.bundle.unit-test";
		};
/* End PBXNativeTarget section */

/* Begin PBXProject section */
		5FA9674DFE3CBB216C296AFB /* Project object */ = {
			isa = PBXProject;
			attributes = {
				BuildIndependentTargetsInParallel = YES;
				LastUpgradeCheck = 1600;
				TargetAttributes = {
					1B19B2A1D6A5647399CDA4ED = {
						DevelopmentTeam = 8WEDM868L3;
						ProvisioningStyle = Automatic;
					};
					673E693971C40FFE5AB5532B = {
						DevelopmentTeam = 8WEDM868L3;
						ProvisioningStyle = Automatic;
					};
				};
			};
			buildConfigurationList = 4268AF09B3BCA3C60AF34C31 /* Build configuration list for PBXProject "OpenWorktimeTracker" */;
			developmentRegion = en;
			hasScannedForEncodings = 0;
			knownRegions = (
				Base,
				de,
				en,
				"zh-Hant",
			);
			mainGroup = FD020915C330CF1F1907FF65;
			minimizedProjectReferenceProxies = 1;
			packageReferences = (
				250CF69CC1093646944D7B1B /* XCRemoteSwiftPackageReference "Sparkle" */,
			);
			preferredProjectObjectVersion = 77;
			productRefGroup = 8E05A03795BB82E9AFFA2509 /* Products */;
			projectDirPath = "";
			projectRoot = "";
			targets = (
				1B19B2A1D6A5647399CDA4ED /* OpenWorktimeTracker */,
				673E693971C40FFE5AB5532B /* WorktimeWidgetExtension */,
				909FAD7D79D8D51BD1E7E91C /* OpenWorktimeTrackerTests */,
			);
		};
/* End PBXProject section */

/* Begin PBXResourcesBuildPhase section */
		666ADEBC4C8906207867454C /* Resources */ = {
			isa = PBXResourcesBuildPhase;
			buildActionMask = 2147483647;
			files = (
				1E239897EB901FE3D915E1D7 /* Localizable.strings in Resources */,
			);
			runOnlyForDeploymentPostprocessing = 0;
		};
		6D6C73B1A709AE3E507516C4 /* Resources */ = {
			isa = PBXResourcesBuildPhase;
			buildActionMask = 2147483647;
			files = (
				D863CFEDBAC6400A74C1551F /* AppIcon.svg in Resources */,
				3700A1C2970A97914BE1CAF3 /* Assets.xcassets in Resources */,
				534225F52B177F08D7B9A813 /* Localizable.strings in Resources */,
			);
			runOnlyForDeploymentPostprocessing = 0;
		};
/* End PBXResourcesBuildPhase section */

/* Begin PBXSourcesBuildPhase section */
		55F5433EADBA64FE34050530 /* Sources */ = {
			isa = PBXSourcesBuildPhase;
			buildActionMask = 2147483647;
			files = (
				7F193BB5F12158FB4A228045 /* BreakCalculatorTests.swift in Sources */,
				E2776F062926941396F6798E /* DailyLogFormatTests.swift in Sources */,
				09742B896CA7EB3ED436018E /* IdleDetectorTests.swift in Sources */,
				CEF476E22F4EF95B83562444 /* InMemoryDailyLogStore.swift in Sources */,
				A8E0E039463DA1368A46C035 /* ManualClock.swift in Sources */,
				3D60D0048DED858DE6BB52DA /* PersistenceManagerTests.swift in Sources */,
				82C002A2F7797D3FBD446009 /* RecordingWorkdayNotifications.swift in Sources */,
				9BB7CEC3EFC672E770DC6641 /* RecordingWorkdayPrompts.swift in Sources */,
				330D1906DCAC60438162015F /* TimeEntryTests.swift in Sources */,
				F7E3DD2397658080B1E1FAA2 /* ViewLayoutTests.swift in Sources */,
				6444D4148F53E5FA721F2814 /* WidgetSnapshotTests.swift in Sources */,
				1B216F8F5496AF19EAA77D46 /* WorkHeatmapTests.swift in Sources */,
				3CA50EE21B7AC6011D3894E4 /* WorkdayAppearanceTests.swift in Sources */,
				2E50C9C91938F36E479FAB46 /* WorkdayDetectorTests.swift in Sources */,
				474C7362331605093E10F5D8 /* WorkdayManagerClockAndStoreTests.swift in Sources */,
				BA8452319FEBD0BB5443C7D1 /* WorkdayManagerIdleHandlingTests.swift in Sources */,
				BF6602F8D9B236C3229F2DF8 /* WorkdayManagerLifecycleAndMutationTests.swift in Sources */,
				FE94C604420335FED4ACB672 /* WorkdayManagerNotificationTestCase.swift in Sources */,
				5F0F01A2DD2D8315F7EC60D7 /* WorkdayManagerNotificationTests.swift in Sources */,
				515DC1B69C2BDB10210F82F9 /* WorkdayManagerNotificationThresholdTests.swift in Sources */,
				4352E3077EFA1D9BDA71E053 /* WorkdayManagerSettingsTests.swift in Sources */,
				ADE593C4C405609F5F1B3894 /* WorkdayManagerTests.swift in Sources */,
				7D1AA8C747743D0DBCF47233 /* WorkdayTests.swift in Sources */,
			);
			runOnlyForDeploymentPostprocessing = 0;
		};
		7E1E98D35B50D24B9AF1E5DD /* Sources */ = {
			isa = PBXSourcesBuildPhase;
			buildActionMask = 2147483647;
			files = (
				CFA636175CB967A129D45107 /* ActionButton.swift in Sources */,
				993CFEE746E242DC4FE7A44E /* AppDelegate.swift in Sources */,
				75653E72BEF543D3BB31CE37 /* AppSettings.swift in Sources */,
				62CA3C821F6C7FBC5AE5D390 /* AutoBreakRules.swift in Sources */,
				3C023C1963125F860E660730 /* BreakCalculator.swift in Sources */,
				284E1A904867E722FC4129EA /* Clock.swift in Sources */,
				7110D8AB3463251F8307631E /* CloudSyncManager.swift in Sources */,
				3753A83912DE9247D4CA46CC /* Color+Extensions.swift in Sources */,
				FAA1B14DC80293F0B721C180 /* DailyLogStore.swift in Sources */,
				FEBEC5FF73CDE0307ABF6FB6 /* Date+Extensions.swift in Sources */,
				354FD4B54E985FCFDE58ACC3 /* DesignTokens.swift in Sources */,
				1DC0909035DD8290A96FE10F /* GlassContainer.swift in Sources */,
				0A9796F1549A59EC38DAE952 /* GlobalShortcutManager.swift in Sources */,
				8FDF3B4B103BB741A36E13A7 /* IdleDetector.swift in Sources */,
				7A4B038D2A8FCAF7D3990342 /* IdlePeriod.swift in Sources */,
				236FF7EC60B08C2E4B0C9969 /* IdlePromptView.swift in Sources */,
				956F97E8ED6A08E13330D6A2 /* IdlePromptWindowController.swift in Sources */,
				526B978F0FFA28453AD9DAAE /* IdleThreshold.swift in Sources */,
				D0C5E94C8A43326CE27D71E0 /* LogEditorView.swift in Sources */,
				BF24A802B731C7DB18835234 /* LogEditorWindowController.swift in Sources */,
				0D3BA242E6C837790469B04F /* LogEntryEditView.swift in Sources */,
				A46982C34CFF559FED894D6F /* MaxHoursPromptView.swift in Sources */,
				B2942C9DBBAD0D5F95307152 /* MenuBarView.swift in Sources */,
				FD9C3BA959F3FA91E9956165 /* MetricCardsView.swift in Sources */,
				2C5B028985B015B7A26ECBA7 /* NotificationManager.swift in Sources */,
				69090567F259E4622736AE2A /* NotificationThresholds.swift in Sources */,
				AEE1E6715AC00AE314B9D854 /* OpenWorktimeTrackerApp.swift in Sources */,
				F9CEAFEDD47DBEF79E904301 /* PersistenceManager.swift in Sources */,
				A37E2A4BE6EA5DF1F0FBA60B /* ProgressBarView.swift in Sources */,
				E7DB5A1B699217F6B7749C2E /* SettingsView.swift in Sources */,
				775FBCFE7BCEEEACE8CD0C92 /* SharedDefaults.swift in Sources */,
				15061C70D45A5BEF76336071 /* SummaryStatsView.swift in Sources */,
				4848E362C452EB5A63DB318E /* ThresholdLevel.swift in Sources */,
				253CF5BCF181B9CD0DF0734F /* TimeEntry.swift in Sources */,
				45624526A8C5B075E6BD6398 /* TimeInterval+Duration.swift in Sources */,
				01C8C4A1D1D00C2934B8A4A9 /* TimerDisplayView.swift in Sources */,
				44EFF479547F25448ADD540B /* WeekHistoryView.swift in Sources */,
				C36DB62431B2DB3D622B0801 /* WorkHeatmap.swift in Sources */,
				34A45C4FDB695C746904E03A /* WorkHeatmapView.swift in Sources */,
				CB63BC5DE6E64B89F587BF8D /* Workday.swift in Sources */,
				3F944373B6FF10C633D2D18C /* WorkdayAppearance.swift in Sources */,
				D0BA8C03FE5E382A0104E788 /* WorkdayDetector.swift in Sources */,
				9DD01273C074913E95147CA4 /* WorkdayManager.swift in Sources */,
				9884BB01691FD68AE126CC2E /* WorkdayState.swift in Sources */,
			);
			runOnlyForDeploymentPostprocessing = 0;
		};
		EF5CD70A7D48B5C4E900CA4F /* Sources */ = {
			isa = PBXSourcesBuildPhase;
			buildActionMask = 2147483647;
			files = (
				6B04E7D7384A3DC2FD19B4BF /* Color+Extensions.swift in Sources */,
				485EAA20FC6AEEBF349564EC /* SharedDefaults.swift in Sources */,
				EC00E2796568DA67817EE450 /* ThresholdLevel.swift in Sources */,
				B9D145B81FC0A69E5F5951C2 /* TimeInterval+Duration.swift in Sources */,
				81EA84A23CCFA789493D462E /* WorkdayAppearance.swift in Sources */,
				F126499AA55A6EDAF3159528 /* WorkdayState.swift in Sources */,
				68ACEAD4CBCEF8E71A25AD6D /* WorktimeWidget.swift in Sources */,
				2C62CB1A6DA628C4FB944F2C /* WorktimeWidgetBundle.swift in Sources */,
			);
			runOnlyForDeploymentPostprocessing = 0;
		};
/* End PBXSourcesBuildPhase section */

/* Begin PBXTargetDependency section */
		4446C13B631CCD68862C5117 /* PBXTargetDependency */ = {
			isa = PBXTargetDependency;
			target = 1B19B2A1D6A5647399CDA4ED /* OpenWorktimeTracker */;
			targetProxy = A74AAF3205E8D9C6B6D2810F /* PBXContainerItemProxy */;
		};
		A1DAEB2D52EBD39F25E09953 /* PBXTargetDependency */ = {
			isa = PBXTargetDependency;
			target = 673E693971C40FFE5AB5532B /* WorktimeWidgetExtension */;
			targetProxy = A23D07A2696BB455488BF8C2 /* PBXContainerItemProxy */;
		};
/* End PBXTargetDependency section */

/* Begin PBXVariantGroup section */
		03948982F36D08786005F7B3 /* Localizable.strings */ = {
			isa = PBXVariantGroup;
			children = (
				8BB9FC7AA9A4FDD8B540808B /* de */,
				5C9B60DDF61A20041E00A564 /* en */,
				F7B2B4C8A3024F3E089218BA /* zh-Hant */,
			);
			name = Localizable.strings;
			sourceTree = "<group>";
		};
		5AFAE89712EB3B674570A28B /* Localizable.strings */ = {
			isa = PBXVariantGroup;
			children = (
				234A384CE4770836D7D1485C /* de */,
				B29478E5063B682E51F2E42A /* en */,
				B5D092A1F414BB5B3BBFAE71 /* zh-Hant */,
			);
			name = Localizable.strings;
			sourceTree = "<group>";
		};
/* End PBXVariantGroup section */

/* Begin XCBuildConfiguration section */
		06EF988886C58FC42A89FE55 /* Release */ = {
			isa = XCBuildConfiguration;
			buildSettings = {
				CODE_SIGN_ENTITLEMENTS = WorktimeWidget/WorktimeWidget.entitlements;
				CODE_SIGN_STYLE = Automatic;
				COMBINE_HIDPI_IMAGES = YES;
				CURRENT_PROJECT_VERSION = 7;
				DEVELOPMENT_TEAM = 8WEDM868L3;
				GENERATE_INFOPLIST_FILE = NO;
				INFOPLIST_FILE = WorktimeWidget/Info.plist;
				LD_RUNPATH_SEARCH_PATHS = "$(inherited) @executable_path/../Frameworks @executable_path/../../../../Frameworks";
				MACOSX_DEPLOYMENT_TARGET = 14.0;
				MARKETING_VERSION = 0.7.0;
				PRODUCT_BUNDLE_IDENTIFIER = com.openworktimetracker.app.widget;
				PRODUCT_NAME = WorktimeWidget;
				SDKROOT = macosx;
				SWIFT_VERSION = 5.9;
			};
			name = Release;
		};
		374272A7B5C81A9E90B46BA7 /* Release */ = {
			isa = XCBuildConfiguration;
			buildSettings = {
				BUNDLE_LOADER = "$(TEST_HOST)";
				COMBINE_HIDPI_IMAGES = YES;
				GENERATE_INFOPLIST_FILE = YES;
				LD_RUNPATH_SEARCH_PATHS = (
					"$(inherited)",
					"@executable_path/../Frameworks",
					"@loader_path/../Frameworks",
				);
				PRODUCT_BUNDLE_IDENTIFIER = com.openworktimetracker.tests;
				SDKROOT = macosx;
				SWIFT_VERSION = 5.9;
				TEST_HOST = "$(BUILT_PRODUCTS_DIR)/OpenWorktimeTracker.app/Contents/MacOS/OpenWorktimeTracker";
			};
			name = Release;
		};
		630807ADCE64B8017850713D /* Debug */ = {
			isa = XCBuildConfiguration;
			buildSettings = {
				ASSETCATALOG_COMPILER_APPICON_NAME = AppIcon;
				CODE_SIGN_ENTITLEMENTS = OpenWorktimeTracker/Resources/OpenWorktimeTracker.entitlements;
				CODE_SIGN_STYLE = Automatic;
				COMBINE_HIDPI_IMAGES = YES;
				CURRENT_PROJECT_VERSION = 7;
				DEVELOPMENT_TEAM = 8WEDM868L3;
				ENABLE_HARDENED_RUNTIME = YES;
				GENERATE_INFOPLIST_FILE = NO;
				INFOPLIST_FILE = OpenWorktimeTracker/Resources/Info.plist;
				LD_RUNPATH_SEARCH_PATHS = (
					"$(inherited)",
					"@executable_path/../Frameworks",
				);
				MACOSX_DEPLOYMENT_TARGET = 14.0;
				MARKETING_VERSION = 0.7.0;
				PRODUCT_BUNDLE_IDENTIFIER = com.openworktimetracker.app;
				PRODUCT_NAME = OpenWorktimeTracker;
				SDKROOT = macosx;
				SWIFT_VERSION = 5.9;
			};
			name = Debug;
		};
		99687019A5603815BA1D9243 /* Release */ = {
			isa = XCBuildConfiguration;
			buildSettings = {
				ALWAYS_SEARCH_USER_PATHS = NO;
				CLANG_ANALYZER_NONNULL = YES;
				CLANG_ANALYZER_NUMBER_OBJECT_CONVERSION = YES_AGGRESSIVE;
				CLANG_CXX_LANGUAGE_STANDARD = "gnu++14";
				CLANG_CXX_LIBRARY = "libc++";
				CLANG_ENABLE_MODULES = YES;
				CLANG_ENABLE_OBJC_ARC = YES;
				CLANG_ENABLE_OBJC_WEAK = YES;
				CLANG_WARN_BLOCK_CAPTURE_AUTORELEASING = YES;
				CLANG_WARN_BOOL_CONVERSION = YES;
				CLANG_WARN_COMMA = YES;
				CLANG_WARN_CONSTANT_CONVERSION = YES;
				CLANG_WARN_DEPRECATED_OBJC_IMPLEMENTATIONS = YES;
				CLANG_WARN_DIRECT_OBJC_ISA_USAGE = YES_ERROR;
				CLANG_WARN_DOCUMENTATION_COMMENTS = YES;
				CLANG_WARN_EMPTY_BODY = YES;
				CLANG_WARN_ENUM_CONVERSION = YES;
				CLANG_WARN_INFINITE_RECURSION = YES;
				CLANG_WARN_INT_CONVERSION = YES;
				CLANG_WARN_NON_LITERAL_NULL_CONVERSION = YES;
				CLANG_WARN_OBJC_IMPLICIT_RETAIN_SELF = YES;
				CLANG_WARN_OBJC_LITERAL_CONVERSION = YES;
				CLANG_WARN_OBJC_ROOT_CLASS = YES_ERROR;
				CLANG_WARN_QUOTED_INCLUDE_IN_FRAMEWORK_HEADER = YES;
				CLANG_WARN_RANGE_LOOP_ANALYSIS = YES;
				CLANG_WARN_STRICT_PROTOTYPES = YES;
				CLANG_WARN_SUSPICIOUS_MOVE = YES;
				CLANG_WARN_UNGUARDED_AVAILABILITY = YES_AGGRESSIVE;
				CLANG_WARN_UNREACHABLE_CODE = YES;
				CLANG_WARN__DUPLICATE_METHOD_MATCH = YES;
				COPY_PHASE_STRIP = NO;
				DEBUG_INFORMATION_FORMAT = "dwarf-with-dsym";
				ENABLE_NS_ASSERTIONS = NO;
				ENABLE_STRICT_OBJC_MSGSEND = YES;
				GCC_C_LANGUAGE_STANDARD = gnu11;
				GCC_NO_COMMON_BLOCKS = YES;
				GCC_WARN_64_TO_32_BIT_CONVERSION = YES;
				GCC_WARN_ABOUT_RETURN_TYPE = YES_ERROR;
				GCC_WARN_UNDECLARED_SELECTOR = YES;
				GCC_WARN_UNINITIALIZED_AUTOS = YES_AGGRESSIVE;
				GCC_WARN_UNUSED_FUNCTION = YES;
				GCC_WARN_UNUSED_VARIABLE = YES;
				MACOSX_DEPLOYMENT_TARGET = 14.0;
				MTL_ENABLE_DEBUG_INFO = NO;
				MTL_FAST_MATH = YES;
				PRODUCT_NAME = "$(TARGET_NAME)";
				SDKROOT = macosx;
				SWIFT_COMPILATION_MODE = wholemodule;
				SWIFT_OPTIMIZATION_LEVEL = "-O";
				SWIFT_VERSION = 5.0;
			};
			name = Release;
		};
		B635DBFA8949114E5237DCDC /* Release */ = {
			isa = XCBuildConfiguration;
			buildSettings = {
				ASSETCATALOG_COMPILER_APPICON_NAME = AppIcon;
				CODE_SIGN_ENTITLEMENTS = OpenWorktimeTracker/Resources/OpenWorktimeTracker.entitlements;
				CODE_SIGN_STYLE = Automatic;
				COMBINE_HIDPI_IMAGES = YES;
				CURRENT_PROJECT_VERSION = 7;
				DEVELOPMENT_TEAM = 8WEDM868L3;
				ENABLE_HARDENED_RUNTIME = YES;
				GENERATE_INFOPLIST_FILE = NO;
				INFOPLIST_FILE = OpenWorktimeTracker/Resources/Info.plist;
				LD_RUNPATH_SEARCH_PATHS = (
					"$(inherited)",
					"@executable_path/../Frameworks",
				);
				MACOSX_DEPLOYMENT_TARGET = 14.0;
				MARKETING_VERSION = 0.7.0;
				PRODUCT_BUNDLE_IDENTIFIER = com.openworktimetracker.app;
				PRODUCT_NAME = OpenWorktimeTracker;
				SDKROOT = macosx;
				SWIFT_VERSION = 5.9;
			};
			name = Release;
		};
		D791E449DE6FCB2E19AC8F18 /* Debug */ = {
			isa = XCBuildConfiguration;
			buildSettings = {
				BUNDLE_LOADER = "$(TEST_HOST)";
				COMBINE_HIDPI_IMAGES = YES;
				GENERATE_INFOPLIST_FILE = YES;
				LD_RUNPATH_SEARCH_PATHS = (
					"$(inherited)",
					"@executable_path/../Frameworks",
					"@loader_path/../Frameworks",
				);
				PRODUCT_BUNDLE_IDENTIFIER = com.openworktimetracker.tests;
				SDKROOT = macosx;
				SWIFT_VERSION = 5.9;
				TEST_HOST = "$(BUILT_PRODUCTS_DIR)/OpenWorktimeTracker.app/Contents/MacOS/OpenWorktimeTracker";
			};
			name = Debug;
		};
		E47EB134550E162AAE6AC2FA /* Debug */ = {
			isa = XCBuildConfiguration;
			buildSettings = {
				CODE_SIGN_ENTITLEMENTS = WorktimeWidget/WorktimeWidget.entitlements;
				CODE_SIGN_STYLE = Automatic;
				COMBINE_HIDPI_IMAGES = YES;
				CURRENT_PROJECT_VERSION = 7;
				DEVELOPMENT_TEAM = 8WEDM868L3;
				GENERATE_INFOPLIST_FILE = NO;
				INFOPLIST_FILE = WorktimeWidget/Info.plist;
				LD_RUNPATH_SEARCH_PATHS = "$(inherited) @executable_path/../Frameworks @executable_path/../../../../Frameworks";
				MACOSX_DEPLOYMENT_TARGET = 14.0;
				MARKETING_VERSION = 0.7.0;
				PRODUCT_BUNDLE_IDENTIFIER = com.openworktimetracker.app.widget;
				PRODUCT_NAME = WorktimeWidget;
				SDKROOT = macosx;
				SWIFT_VERSION = 5.9;
			};
			name = Debug;
		};
		F41619E596729C2A50F0A7EB /* Debug */ = {
			isa = XCBuildConfiguration;
			buildSettings = {
				ALWAYS_SEARCH_USER_PATHS = NO;
				CLANG_ANALYZER_NONNULL = YES;
				CLANG_ANALYZER_NUMBER_OBJECT_CONVERSION = YES_AGGRESSIVE;
				CLANG_CXX_LANGUAGE_STANDARD = "gnu++14";
				CLANG_CXX_LIBRARY = "libc++";
				CLANG_ENABLE_MODULES = YES;
				CLANG_ENABLE_OBJC_ARC = YES;
				CLANG_ENABLE_OBJC_WEAK = YES;
				CLANG_WARN_BLOCK_CAPTURE_AUTORELEASING = YES;
				CLANG_WARN_BOOL_CONVERSION = YES;
				CLANG_WARN_COMMA = YES;
				CLANG_WARN_CONSTANT_CONVERSION = YES;
				CLANG_WARN_DEPRECATED_OBJC_IMPLEMENTATIONS = YES;
				CLANG_WARN_DIRECT_OBJC_ISA_USAGE = YES_ERROR;
				CLANG_WARN_DOCUMENTATION_COMMENTS = YES;
				CLANG_WARN_EMPTY_BODY = YES;
				CLANG_WARN_ENUM_CONVERSION = YES;
				CLANG_WARN_INFINITE_RECURSION = YES;
				CLANG_WARN_INT_CONVERSION = YES;
				CLANG_WARN_NON_LITERAL_NULL_CONVERSION = YES;
				CLANG_WARN_OBJC_IMPLICIT_RETAIN_SELF = YES;
				CLANG_WARN_OBJC_LITERAL_CONVERSION = YES;
				CLANG_WARN_OBJC_ROOT_CLASS = YES_ERROR;
				CLANG_WARN_QUOTED_INCLUDE_IN_FRAMEWORK_HEADER = YES;
				CLANG_WARN_RANGE_LOOP_ANALYSIS = YES;
				CLANG_WARN_STRICT_PROTOTYPES = YES;
				CLANG_WARN_SUSPICIOUS_MOVE = YES;
				CLANG_WARN_UNGUARDED_AVAILABILITY = YES_AGGRESSIVE;
				CLANG_WARN_UNREACHABLE_CODE = YES;
				CLANG_WARN__DUPLICATE_METHOD_MATCH = YES;
				COPY_PHASE_STRIP = NO;
				DEBUG_INFORMATION_FORMAT = dwarf;
				ENABLE_STRICT_OBJC_MSGSEND = YES;
				ENABLE_TESTABILITY = YES;
				GCC_C_LANGUAGE_STANDARD = gnu11;
				GCC_DYNAMIC_NO_PIC = NO;
				GCC_NO_COMMON_BLOCKS = YES;
				GCC_OPTIMIZATION_LEVEL = 0;
				GCC_PREPROCESSOR_DEFINITIONS = (
					"$(inherited)",
					"DEBUG=1",
				);
				GCC_WARN_64_TO_32_BIT_CONVERSION = YES;
				GCC_WARN_ABOUT_RETURN_TYPE = YES_ERROR;
				GCC_WARN_UNDECLARED_SELECTOR = YES;
				GCC_WARN_UNINITIALIZED_AUTOS = YES_AGGRESSIVE;
				GCC_WARN_UNUSED_FUNCTION = YES;
				GCC_WARN_UNUSED_VARIABLE = YES;
				MACOSX_DEPLOYMENT_TARGET = 14.0;
				MTL_ENABLE_DEBUG_INFO = INCLUDE_SOURCE;
				MTL_FAST_MATH = YES;
				ONLY_ACTIVE_ARCH = YES;
				PRODUCT_NAME = "$(TARGET_NAME)";
				SDKROOT = macosx;
				SWIFT_ACTIVE_COMPILATION_CONDITIONS = DEBUG;
				SWIFT_OPTIMIZATION_LEVEL = "-Onone";
				SWIFT_VERSION = 5.0;
			};
			name = Debug;
		};
/* End XCBuildConfiguration section */

/* Begin XCConfigurationList section */
		210417F0017FB5D482546AB7 /* Build configuration list for PBXNativeTarget "OpenWorktimeTrackerTests" */ = {
			isa = XCConfigurationList;
			buildConfigurations = (
				D791E449DE6FCB2E19AC8F18 /* Debug */,
				374272A7B5C81A9E90B46BA7 /* Release */,
			);
			defaultConfigurationIsVisible = 0;
			defaultConfigurationName = Debug;
		};
		31415DF9F4331CD03CE92A25 /* Build configuration list for PBXNativeTarget "OpenWorktimeTracker" */ = {
			isa = XCConfigurationList;
			buildConfigurations = (
				630807ADCE64B8017850713D /* Debug */,
				B635DBFA8949114E5237DCDC /* Release */,
			);
			defaultConfigurationIsVisible = 0;
			defaultConfigurationName = Debug;
		};
		4268AF09B3BCA3C60AF34C31 /* Build configuration list for PBXProject "OpenWorktimeTracker" */ = {
			isa = XCConfigurationList;
			buildConfigurations = (
				F41619E596729C2A50F0A7EB /* Debug */,
				99687019A5603815BA1D9243 /* Release */,
			);
			defaultConfigurationIsVisible = 0;
			defaultConfigurationName = Debug;
		};
		D197ED5BC7F1BB49E86F1E5A /* Build configuration list for PBXNativeTarget "WorktimeWidgetExtension" */ = {
			isa = XCConfigurationList;
			buildConfigurations = (
				E47EB134550E162AAE6AC2FA /* Debug */,
				06EF988886C58FC42A89FE55 /* Release */,
			);
			defaultConfigurationIsVisible = 0;
			defaultConfigurationName = Debug;
		};
/* End XCConfigurationList section */

/* Begin XCRemoteSwiftPackageReference section */
		250CF69CC1093646944D7B1B /* XCRemoteSwiftPackageReference "Sparkle" */ = {
			isa = XCRemoteSwiftPackageReference;
			repositoryURL = "https://github.com/sparkle-project/Sparkle";
			requirement = {
				kind = upToNextMajorVersion;
				minimumVersion = 2.6.0;
			};
		};
/* End XCRemoteSwiftPackageReference section */

/* Begin XCSwiftPackageProductDependency section */
		46369458646495B6F3C7B84D /* Sparkle */ = {
			isa = XCSwiftPackageProductDependency;
			package = 250CF69CC1093646944D7B1B /* XCRemoteSwiftPackageReference "Sparkle" */;
			productName = Sparkle;
		};
/* End XCSwiftPackageProductDependency section */
	};
	rootObject = 5FA9674DFE3CBB216C296AFB /* Project object */;
}
